Microsoft Visual Studio Solution File, Format Version 12.00
# Visual Studio Version 17
VisualStudioVersion = 17.5.2.0
MinimumVisualStudioVersion = 10.0.40219.1
Project("{FAE04EC0-301F-11D3-BF4B-00C04F79EFBC}") = "ImageSegmentation", "ImageSegmentation.csproj", "{CBF4D322-0A79-B673-C96B-04B4AFB47C5B}"
EndProject
Global
	GlobalSection(SolutionConfigurationPlatforms) = preSolution
		Debug|Any CPU = Debug|Any CPU
		Release|Any CPU = Release|Any CPU
	EndGlobalSection
	GlobalSection(ProjectConfigurationPlatforms) = postSolution
		{CBF4D322-0A79-B673-C96B-04B4AFB47C5B}.Debug|Any CPU.ActiveCfg = Debug|Any CPU
		{CBF4D322-0A79-B673-C96B-04B4AFB47C5B}.Debug|Any CPU.Build.0 = Debug|Any CPU
		{CBF4D322-0A79-B673-C96B-04B4AFB47C5B}.Release|Any CPU.ActiveCfg = Release|Any CPU
		{CBF4D322-0A79-B673-C96B-04B4AFB47C5B}.Release|Any CPU.Build.0 = Release|Any CPU
	EndGlobalSection
	GlobalSection(SolutionProperties) = preSolution
		HideSolutionNode = FALSE
	EndGlobalSection
	GlobalSection(ExtensibilityGlobals) = postSolution
		SolutionGuid = {B68BBF58-A2D2-47ED-B019-526970FAC0DA}
	EndGlobalSection
EndGlobal
